
Microsoft Visual Studio Solution File, Format Version 12.00
# Visual Studio 2013
VisualStudioVersion = 12.0.31101.0
MinimumVisualStudioVersion = 10.0.40219.1
Project("{FAE04EC0-301F-11D3-BF4B-00C04F79EFBC}") = "Diagnosis.App", "Diagnosis.App\Diagnosis.App.csproj", "{D7949590-A383-4E34-9C06-A2568DB5CDB6}"
EndProject
Project("{FAE04EC0-301F-11D3-BF4B-00C04F79EFBC}") = "Diagnosis.Data", "Diagnosis.Data\Diagnosis.Data.csproj", "{3EC8D3DF-AA44-4CB8-8847-D4B4872E9DAD}"
EndProject
Project("{2150E333-8FDC-42A3-9474-1A3956D46DE8}") = ".nuget", ".nuget", "{F4C3AB76-FB67-4CD5-8ECF-231ABB7F5D6D}"
	ProjectSection(SolutionItems) = preProject
		.nuget\NuGet.Config = .nuget\NuGet.Config
		.nuget\NuGet.exe = .nuget\NuGet.exe
		.nuget\NuGet.targets = .nuget\NuGet.targets
	EndProjectSection
EndProject
Project("{2150E333-8FDC-42A3-9474-1A3956D46DE8}") = "Database", "Database", "{B431DCFC-50AB-43F2-BAC5-0C37128F5364}"
	ProjectSection(SolutionItems) = preProject
		Database\diagnosis.dgml = Database\diagnosis.dgml
		Database\diagnosis.sdf = Database\diagnosis.sdf
		Database\diagnosis.sqlite = Database\diagnosis.sqlite
	EndProjectSection
EndProject
Project("{FAE04EC0-301F-11D3-BF4B-00C04F79EFBC}") = "Diagnosis.Tests", "Diagnosis.Tests\Diagnosis.Tests.csproj", "{EC5E581D-F591-4A34-B390-0607BA8EE6FA}"
EndProject
Project("{FAE04EC0-301F-11D3-BF4B-00C04F79EFBC}") = "Diagnosis.Common", "Diagnosis.Common\Diagnosis.Common.csproj", "{A91AD3B7-CB0F-426C-A539-1CFFC13DF0EE}"
EndProject
Project("{FAE04EC0-301F-11D3-BF4B-00C04F79EFBC}") = "Diagnosis.Models", "Diagnosis.Models\Diagnosis.Models.csproj", "{F1EF016E-80F6-461C-AC4B-E087E42A9F0C}"
EndProject
Project("{FAE04EC0-301F-11D3-BF4B-00C04F79EFBC}") = "Diagnosis.ViewModels", "Diagnosis.ViewModels\Diagnosis.ViewModels.csproj", "{2206A771-0A27-41F2-81E2-D131D95C6862}"
EndProject
Project("{2150E333-8FDC-42A3-9474-1A3956D46DE8}") = ".build", ".build", "{7C3E4F58-5233-4371-8E4E-72C27B598E2D}"
	ProjectSection(SolutionItems) = preProject
		Build.proj = Build.proj
		.build\MSBuild.Community.Tasks.dll = .build\MSBuild.Community.Tasks.dll
		.build\MSBuild.Community.Tasks.targets = .build\MSBuild.Community.Tasks.targets
	EndProjectSection
EndProject
Project("{FAE04EC0-301F-11D3-BF4B-00C04F79EFBC}") = "Diagnosis.ServerApp", "Diagnosis.ServerApp\Diagnosis.ServerApp.csproj", "{FFD11AAF-2C02-4035-B5E7-E2BA72670435}"
EndProject
Project("{FAE04EC0-301F-11D3-BF4B-00C04F79EFBC}") = "Diagnosis.Common.Presentation", "Diagnosis.Common.Presentation\Diagnosis.Common.Presentation.csproj", "{25357875-228B-46A5-9FB8-1D03677416AF}"
EndProject
Global
	GlobalSection(SolutionConfigurationPlatforms) = preSolution
		Debug|Any CPU = Debug|Any CPU
		Debug|Mixed Platforms = Debug|Mixed Platforms
		Debug|x86 = Debug|x86
		InMemory|Any CPU = InMemory|Any CPU
		InMemory|Mixed Platforms = InMemory|Mixed Platforms
		InMemory|x86 = InMemory|x86
		Release|Any CPU = Release|Any CPU
		Release|Mixed Platforms = Release|Mixed Platforms
		Release|x86 = Release|x86
	EndGlobalSection
	GlobalSection(ProjectConfigurationPlatforms) = postSolution
		{D7949590-A383-4E34-9C06-A2568DB5CDB6}.Debug|Any CPU.ActiveCfg = Debug|Any CPU
		{D7949590-A383-4E34-9C06-A2568DB5CDB6}.Debug|Any CPU.Build.0 = Debug|Any CPU
		{D7949590-A383-4E34-9C06-A2568DB5CDB6}.Debug|Mixed Platforms.ActiveCfg = Debug|Any CPU
		{D7949590-A383-4E34-9C06-A2568DB5CDB6}.Debug|Mixed Platforms.Build.0 = Debug|Any CPU
		{D7949590-A383-4E34-9C06-A2568DB5CDB6}.Debug|x86.ActiveCfg = Debug|Any CPU
		{D7949590-A383-4E34-9C06-A2568DB5CDB6}.InMemory|Any CPU.ActiveCfg = InMemory|Any CPU
		{D7949590-A383-4E34-9C06-A2568DB5CDB6}.InMemory|Any CPU.Build.0 = InMemory|Any CPU
		{D7949590-A383-4E34-9C06-A2568DB5CDB6}.InMemory|Mixed Platforms.ActiveCfg = InMemory|Any CPU
		{D7949590-A383-4E34-9C06-A2568DB5CDB6}.InMemory|Mixed Platforms.Build.0 = InMemory|Any CPU
		{D7949590-A383-4E34-9C06-A2568DB5CDB6}.InMemory|x86.ActiveCfg = InMemory|Any CPU
		{D7949590-A383-4E34-9C06-A2568DB5CDB6}.Release|Any CPU.ActiveCfg = Release|Any CPU
		{D7949590-A383-4E34-9C06-A2568DB5CDB6}.Release|Any CPU.Build.0 = Release|Any CPU
		{D7949590-A383-4E34-9C06-A2568DB5CDB6}.Release|Mixed Platforms.ActiveCfg = Release|Any CPU
		{D7949590-A383-4E34-9C06-A2568DB5CDB6}.Release|Mixed Platforms.Build.0 = Release|Any CPU
		{D7949590-A383-4E34-9C06-A2568DB5CDB6}.Release|x86.ActiveCfg = Release|Any CPU
		{3EC8D3DF-AA44-4CB8-8847-D4B4872E9DAD}.Debug|Any CPU.ActiveCfg = Debug|Any CPU
		{3EC8D3DF-AA44-4CB8-8847-D4B4872E9DAD}.Debug|Any CPU.Build.0 = Debug|Any CPU
		{3EC8D3DF-AA44-4CB8-8847-D4B4872E9DAD}.Debug|Mixed Platforms.ActiveCfg = Debug|Any CPU
		{3EC8D3DF-AA44-4CB8-8847-D4B4872E9DAD}.Debug|Mixed Platforms.Build.0 = Debug|Any CPU
		{3EC8D3DF-AA44-4CB8-8847-D4B4872E9DAD}.Debug|x86.ActiveCfg = Debug|Any CPU
		{3EC8D3DF-AA44-4CB8-8847-D4B4872E9DAD}.InMemory|Any CPU.ActiveCfg = InMemory|Any CPU
		{3EC8D3DF-AA44-4CB8-8847-D4B4872E9DAD}.InMemory|Any CPU.Build.0 = InMemory|Any CPU
		{3EC8D3DF-AA44-4CB8-8847-D4B4872E9DAD}.InMemory|Mixed Platforms.ActiveCfg = InMemory|Any CPU
		{3EC8D3DF-AA44-4CB8-8847-D4B4872E9DAD}.InMemory|Mixed Platforms.Build.0 = InMemory|Any CPU
		{3EC8D3DF-AA44-4CB8-8847-D4B4872E9DAD}.InMemory|x86.ActiveCfg = InMemory|Any CPU
		{3EC8D3DF-AA44-4CB8-8847-D4B4872E9DAD}.Release|Any CPU.ActiveCfg = Release|Any CPU
		{3EC8D3DF-AA44-4CB8-8847-D4B4872E9DAD}.Release|Any CPU.Build.0 = Release|Any CPU
		{3EC8D3DF-AA44-4CB8-8847-D4B4872E9DAD}.Release|Mixed Platforms.ActiveCfg = Release|Any CPU
		{3EC8D3DF-AA44-4CB8-8847-D4B4872E9DAD}.Release|Mixed Platforms.Build.0 = Release|Any CPU
		{3EC8D3DF-AA44-4CB8-8847-D4B4872E9DAD}.Release|x86.ActiveCfg = Release|Any CPU
		{EC5E581D-F591-4A34-B390-0607BA8EE6FA}.Debug|Any CPU.ActiveCfg = Debug|Any CPU
		{EC5E581D-F591-4A34-B390-0607BA8EE6FA}.Debug|Any CPU.Build.0 = Debug|Any CPU
		{EC5E581D-F591-4A34-B390-0607BA8EE6FA}.Debug|Mixed Platforms.ActiveCfg = Debug|Any CPU
		{EC5E581D-F591-4A34-B390-0607BA8EE6FA}.Debug|Mixed Platforms.Build.0 = Debug|Any CPU
		{EC5E581D-F591-4A34-B390-0607BA8EE6FA}.Debug|x86.ActiveCfg = Debug|Any CPU
		{EC5E581D-F591-4A34-B390-0607BA8EE6FA}.InMemory|Any CPU.ActiveCfg = InMemory|Any CPU
		{EC5E581D-F591-4A34-B390-0607BA8EE6FA}.InMemory|Any CPU.Build.0 = InMemory|Any CPU
		{EC5E581D-F591-4A34-B390-0607BA8EE6FA}.InMemory|Mixed Platforms.ActiveCfg = InMemory|Any CPU
		{EC5E581D-F591-4A34-B390-0607BA8EE6FA}.InMemory|Mixed Platforms.Build.0 = InMemory|Any CPU
		{EC5E581D-F591-4A34-B390-0607BA8EE6FA}.InMemory|x86.ActiveCfg = InMemory|Any CPU
		{EC5E581D-F591-4A34-B390-0607BA8EE6FA}.Release|Any CPU.ActiveCfg = Release|Any CPU
		{EC5E581D-F591-4A34-B390-0607BA8EE6FA}.Release|Any CPU.Build.0 = Release|Any CPU
		{EC5E581D-F591-4A34-B390-0607BA8EE6FA}.Release|Mixed Platforms.ActiveCfg = Release|Any CPU
		{EC5E581D-F591-4A34-B390-0607BA8EE6FA}.Release|Mixed Platforms.Build.0 = Release|Any CPU
		{EC5E581D-F591-4A34-B390-0607BA8EE6FA}.Release|x86.ActiveCfg = Release|Any CPU
		{A91AD3B7-CB0F-426C-A539-1CFFC13DF0EE}.Debug|Any CPU.ActiveCfg = Debug|Any CPU
		{A91AD3B7-CB0F-426C-A539-1CFFC13DF0EE}.Debug|Any CPU.Build.0 = Debug|Any CPU
		{A91AD3B7-CB0F-426C-A539-1CFFC13DF0EE}.Debug|Mixed Platforms.ActiveCfg = Debug|Any CPU
		{A91AD3B7-CB0F-426C-A539-1CFFC13DF0EE}.Debug|Mixed Platforms.Build.0 = Debug|Any CPU
		{A91AD3B7-CB0F-426C-A539-1CFFC13DF0EE}.Debug|x86.ActiveCfg = Debug|Any CPU
		{A91AD3B7-CB0F-426C-A539-1CFFC13DF0EE}.InMemory|Any CPU.ActiveCfg = InMemory|Any CPU
		{A91AD3B7-CB0F-426C-A539-1CFFC13DF0EE}.InMemory|Any CPU.Build.0 = InMemory|Any CPU
		{A91AD3B7-CB0F-426C-A539-1CFFC13DF0EE}.InMemory|Mixed Platforms.ActiveCfg = InMemory|Any CPU
		{A91AD3B7-CB0F-426C-A539-1CFFC13DF0EE}.InMemory|Mixed Platforms.Build.0 = InMemory|Any CPU
		{A91AD3B7-CB0F-426C-A539-1CFFC13DF0EE}.InMemory|x86.ActiveCfg = InMemory|Any CPU
		{A91AD3B7-CB0F-426C-A539-1CFFC13DF0EE}.Release|Any CPU.ActiveCfg = Release|Any CPU
		{A91AD3B7-CB0F-426C-A539-1CFFC13DF0EE}.Release|Any CPU.Build.0 = Release|Any CPU
		{A91AD3B7-CB0F-426C-A539-1CFFC13DF0EE}.Release|Mixed Platforms.ActiveCfg = Release|Any CPU
		{A91AD3B7-CB0F-426C-A539-1CFFC13DF0EE}.Release|Mixed Platforms.Build.0 = Release|Any CPU
		{A91AD3B7-CB0F-426C-A539-1CFFC13DF0EE}.Release|x86.ActiveCfg = Release|Any CPU
		{F1EF016E-80F6-461C-AC4B-E087E42A9F0C}.Debug|Any CPU.ActiveCfg = Debug|Any CPU
		{F1EF016E-80F6-461C-AC4B-E087E42A9F0C}.Debug|Any CPU.Build.0 = Debug|Any CPU
		{F1EF016E-80F6-461C-AC4B-E087E42A9F0C}.Debug|Mixed Platforms.ActiveCfg = Debug|Any CPU
		{F1EF016E-80F6-461C-AC4B-E087E42A9F0C}.Debug|Mixed Platforms.Build.0 = Debug|Any CPU
		{F1EF016E-80F6-461C-AC4B-E087E42A9F0C}.Debug|x86.ActiveCfg = Debug|Any CPU
		{F1EF016E-80F6-461C-AC4B-E087E42A9F0C}.InMemory|Any CPU.ActiveCfg = InMemory|Any CPU
		{F1EF016E-80F6-461C-AC4B-E087E42A9F0C}.InMemory|Any CPU.Build.0 = InMemory|Any CPU
		{F1EF016E-80F6-461C-AC4B-E087E42A9F0C}.InMemory|Mixed Platforms.ActiveCfg = InMemory|Any CPU
		{F1EF016E-80F6-461C-AC4B-E087E42A9F0C}.InMemory|Mixed Platforms.Build.0 = InMemory|Any CPU
		{F1EF016E-80F6-461C-AC4B-E087E42A9F0C}.InMemory|x86.ActiveCfg = InMemory|Any CPU
		{F1EF016E-80F6-461C-AC4B-E087E42A9F0C}.Release|Any CPU.ActiveCfg = Release|Any CPU
		{F1EF016E-80F6-461C-AC4B-E087E42A9F0C}.Release|Any CPU.Build.0 = Release|Any CPU
		{F1EF016E-80F6-461C-AC4B-E087E42A9F0C}.Release|Mixed Platforms.ActiveCfg = Release|Any CPU
		{F1EF016E-80F6-461C-AC4B-E087E42A9F0C}.Release|Mixed Platforms.Build.0 = Release|Any CPU
		{F1EF016E-80F6-461C-AC4B-E087E42A9F0C}.Release|x86.ActiveCfg = Release|Any CPU
		{2206A771-0A27-41F2-81E2-D131D95C6862}.Debug|Any CPU.ActiveCfg = Debug|Any CPU
		{2206A771-0A27-41F2-81E2-D131D95C6862}.Debug|Any CPU.Build.0 = Debug|Any CPU
		{2206A771-0A27-41F2-81E2-D131D95C6862}.Debug|Mixed Platforms.ActiveCfg = Debug|Any CPU
		{2206A771-0A27-41F2-81E2-D131D95C6862}.Debug|Mixed Platforms.Build.0 = Debug|Any CPU
		{2206A771-0A27-41F2-81E2-D131D95C6862}.Debug|x86.ActiveCfg = Debug|Any CPU
		{2206A771-0A27-41F2-81E2-D131D95C6862}.InMemory|Any CPU.ActiveCfg = InMemory|Any CPU
		{2206A771-0A27-41F2-81E2-D131D95C6862}.InMemory|Any CPU.Build.0 = InMemory|Any CPU
		{2206A771-0A27-41F2-81E2-D131D95C6862}.InMemory|Mixed Platforms.ActiveCfg = InMemory|Any CPU
		{2206A771-0A27-41F2-81E2-D131D95C6862}.InMemory|Mixed Platforms.Build.0 = InMemory|Any CPU
		{2206A771-0A27-41F2-81E2-D131D95C6862}.InMemory|x86.ActiveCfg = InMemory|Any CPU
		{2206A771-0A27-41F2-81E2-D131D95C6862}.Release|Any CPU.ActiveCfg = Release|Any CPU
		{2206A771-0A27-41F2-81E2-D131D95C6862}.Release|Any CPU.Build.0 = Release|Any CPU
		{2206A771-0A27-41F2-81E2-D131D95C6862}.Release|Mixed Platforms.ActiveCfg = Release|Any CPU
		{2206A771-0A27-41F2-81E2-D131D95C6862}.Release|Mixed Platforms.Build.0 = Release|Any CPU
		{2206A771-0A27-41F2-81E2-D131D95C6862}.Release|x86.ActiveCfg = Release|Any CPU
		{FFD11AAF-2C02-4035-B5E7-E2BA72670435}.Debug|Any CPU.ActiveCfg = Debug|Any CPU
		{FFD11AAF-2C02-4035-B5E7-E2BA72670435}.Debug|Any CPU.Build.0 = Debug|Any CPU
		{FFD11AAF-2C02-4035-B5E7-E2BA72670435}.Debug|Mixed Platforms.ActiveCfg = Debug|Any CPU
		{FFD11AAF-2C02-4035-B5E7-E2BA72670435}.Debug|Mixed Platforms.Build.0 = Debug|Any CPU
		{FFD11AAF-2C02-4035-B5E7-E2BA72670435}.Debug|x86.ActiveCfg = Debug|Any CPU
		{FFD11AAF-2C02-4035-B5E7-E2BA72670435}.InMemory|Any CPU.ActiveCfg = Release|Any CPU
		{FFD11AAF-2C02-4035-B5E7-E2BA72670435}.InMemory|Any CPU.Build.0 = Release|Any CPU
		{FFD11AAF-2C02-4035-B5E7-E2BA72670435}.InMemory|Mixed Platforms.ActiveCfg = Release|Any CPU
		{FFD11AAF-2C02-4035-B5E7-E2BA72670435}.InMemory|Mixed Platforms.Build.0 = Release|Any CPU
		{FFD11AAF-2C02-4035-B5E7-E2BA72670435}.InMemory|x86.ActiveCfg = Release|Any CPU
		{FFD11AAF-2C02-4035-B5E7-E2BA72670435}.Release|Any CPU.ActiveCfg = Release|Any CPU
		{FFD11AAF-2C02-4035-B5E7-E2BA72670435}.Release|Any CPU.Build.0 = Release|Any CPU
		{FFD11AAF-2C02-4035-B5E7-E2BA72670435}.Release|Mixed Platforms.ActiveCfg = Release|Any CPU
		{FFD11AAF-2C02-4035-B5E7-E2BA72670435}.Release|Mixed Platforms.Build.0 = Release|Any CPU
		{FFD11AAF-2C02-4035-B5E7-E2BA72670435}.Release|x86.ActiveCfg = Release|Any CPU
		{25357875-228B-46A5-9FB8-1D03677416AF}.Debug|Any CPU.ActiveCfg = Debug|Any CPU
		{25357875-228B-46A5-9FB8-1D03677416AF}.Debug|Any CPU.Build.0 = Debug|Any CPU
		{25357875-228B-46A5-9FB8-1D03677416AF}.Debug|Mixed Platforms.ActiveCfg = Debug|Any CPU
		{25357875-228B-46A5-9FB8-1D03677416AF}.Debug|Mixed Platforms.Build.0 = Debug|Any CPU
		{25357875-228B-46A5-9FB8-1D03677416AF}.Debug|x86.ActiveCfg = Debug|Any CPU
		{25357875-228B-46A5-9FB8-1D03677416AF}.InMemory|Any CPU.ActiveCfg = Release|Any CPU
		{25357875-228B-46A5-9FB8-1D03677416AF}.InMemory|Any CPU.Build.0 = Release|Any CPU
		{25357875-228B-46A5-9FB8-1D03677416AF}.InMemory|Mixed Platforms.ActiveCfg = Release|Any CPU
		{25357875-228B-46A5-9FB8-1D03677416AF}.InMemory|Mixed Platforms.Build.0 = Release|Any CPU
		{25357875-228B-46A5-9FB8-1D03677416AF}.InMemory|x86.ActiveCfg = Release|Any CPU
		{25357875-228B-46A5-9FB8-1D03677416AF}.Release|Any CPU.ActiveCfg = Release|Any CPU
		{25357875-228B-46A5-9FB8-1D03677416AF}.Release|Any CPU.Build.0 = Release|Any CPU
		{25357875-228B-46A5-9FB8-1D03677416AF}.Release|Mixed Platforms.ActiveCfg = Release|Any CPU
		{25357875-228B-46A5-9FB8-1D03677416AF}.Release|Mixed Platforms.Build.0 = Release|Any CPU
		{25357875-228B-46A5-9FB8-1D03677416AF}.Release|x86.ActiveCfg = Release|Any CPU
	EndGlobalSection
	GlobalSection(SolutionProperties) = preSolution
		HideSolutionNode = FALSE
	EndGlobalSection
EndGlobal
