
Microsoft Visual Studio Solution File, Format Version 12.00
# Visual Studio 2013
VisualStudioVersion = 12.0.30723.0
MinimumVisualStudioVersion = 10.0.40219.1
Project("{FAE04EC0-301F-11D3-BF4B-00C04F79EFBC}") = "Diagnosis.App", "Diagnosis.App\Diagnosis.App.csproj", "{D7949590-A383-4E34-9C06-A2568DB5CDB6}"
EndProject
Project("{FAE04EC0-301F-11D3-BF4B-00C04F79EFBC}") = "Diagnosis.Data", "Diagnosis.Data\Diagnosis.Data.csproj", "{3EC8D3DF-AA44-4CB8-8847-D4B4872E9DAD}"
EndProject
Project("{2150E333-8FDC-42A3-9474-1A3956D46DE8}") = ".nuget", ".nuget", "{F4C3AB76-FB67-4CD5-8ECF-231ABB7F5D6D}"
	ProjectSection(SolutionItems) = preProject
		.nuget\NuGet.Config = .nuget\NuGet.Config
		.nuget\NuGet.exe = .nuget\NuGet.exe
		.nuget\NuGet.targets = .nuget\NuGet.targets
	EndProjectSection
EndProject
Project("{2150E333-8FDC-42A3-9474-1A3956D46DE8}") = "libs", "libs", "{73FC5EC4-BD6C-45DD-9A09-105A0BFA562B}"
	ProjectSection(SolutionItems) = preProject
		libs\EventAggregator.dll = libs\EventAggregator.dll
		libs\SQLite.Interop.dll = libs\SQLite.Interop.dll
	EndProjectSection
EndProject
Project("{2150E333-8FDC-42A3-9474-1A3956D46DE8}") = "Database", "Database", "{B431DCFC-50AB-43F2-BAC5-0C37128F5364}"
	ProjectSection(SolutionItems) = preProject
		Database\create_sqlite.sql = Database\create_sqlite.sql
		Database\create_v2_sqlite.sql = Database\create_v2_sqlite.sql
		Database\diagnosis.accdb = Database\diagnosis.accdb
		Database\diagnosis.sqlite = Database\diagnosis.sqlite
		Database\diagnosis_test.accdb = Database\diagnosis_test.accdb
		Database\inmem_sqlite.sql = Database\inmem_sqlite.sql
		Database\inmem_v2_sqlite.sql = Database\inmem_v2_sqlite.sql
	EndProjectSection
EndProject
Project("{FAE04EC0-301F-11D3-BF4B-00C04F79EFBC}") = "Diagnosis.Tests", "Diagnosis.Tests\Diagnosis.Tests.csproj", "{EC5E581D-F591-4A34-B390-0607BA8EE6FA}"
EndProject
Project("{FAE04EC0-301F-11D3-BF4B-00C04F79EFBC}") = "Diagnosis.Common", "Diagnosis.Common\Diagnosis.Common.csproj", "{A91AD3B7-CB0F-426C-A539-1CFFC13DF0EE}"
EndProject
Project("{FAE04EC0-301F-11D3-BF4B-00C04F79EFBC}") = "Diagnosis.Models", "Diagnosis.Models\Diagnosis.Models.csproj", "{F1EF016E-80F6-461C-AC4B-E087E42A9F0C}"
EndProject
Project("{FAE04EC0-301F-11D3-BF4B-00C04F79EFBC}") = "Diagnosis.ViewModels", "Diagnosis.ViewModels\Diagnosis.ViewModels.csproj", "{2206A771-0A27-41F2-81E2-D131D95C6862}"
EndProject
Global
	GlobalSection(SolutionConfigurationPlatforms) = preSolution
		Debug|Any CPU = Debug|Any CPU
		InMemory|Any CPU = InMemory|Any CPU
		Release|Any CPU = Release|Any CPU
	EndGlobalSection
	GlobalSection(ProjectConfigurationPlatforms) = postSolution
		{D7949590-A383-4E34-9C06-A2568DB5CDB6}.Debug|Any CPU.ActiveCfg = Debug|Any CPU
		{D7949590-A383-4E34-9C06-A2568DB5CDB6}.Debug|Any CPU.Build.0 = Debug|Any CPU
		{D7949590-A383-4E34-9C06-A2568DB5CDB6}.InMemory|Any CPU.ActiveCfg = InMemory|Any CPU
		{D7949590-A383-4E34-9C06-A2568DB5CDB6}.InMemory|Any CPU.Build.0 = InMemory|Any CPU
		{D7949590-A383-4E34-9C06-A2568DB5CDB6}.Release|Any CPU.ActiveCfg = Release|Any CPU
		{D7949590-A383-4E34-9C06-A2568DB5CDB6}.Release|Any CPU.Build.0 = Release|Any CPU
		{3EC8D3DF-AA44-4CB8-8847-D4B4872E9DAD}.Debug|Any CPU.ActiveCfg = Debug|Any CPU
		{3EC8D3DF-AA44-4CB8-8847-D4B4872E9DAD}.Debug|Any CPU.Build.0 = Debug|Any CPU
		{3EC8D3DF-AA44-4CB8-8847-D4B4872E9DAD}.InMemory|Any CPU.ActiveCfg = InMemory|Any CPU
		{3EC8D3DF-AA44-4CB8-8847-D4B4872E9DAD}.InMemory|Any CPU.Build.0 = InMemory|Any CPU
		{3EC8D3DF-AA44-4CB8-8847-D4B4872E9DAD}.Release|Any CPU.ActiveCfg = Release|Any CPU
		{3EC8D3DF-AA44-4CB8-8847-D4B4872E9DAD}.Release|Any CPU.Build.0 = Release|Any CPU
		{EC5E581D-F591-4A34-B390-0607BA8EE6FA}.Debug|Any CPU.ActiveCfg = Debug|Any CPU
		{EC5E581D-F591-4A34-B390-0607BA8EE6FA}.Debug|Any CPU.Build.0 = Debug|Any CPU
		{EC5E581D-F591-4A34-B390-0607BA8EE6FA}.InMemory|Any CPU.ActiveCfg = InMemory|Any CPU
		{EC5E581D-F591-4A34-B390-0607BA8EE6FA}.InMemory|Any CPU.Build.0 = InMemory|Any CPU
		{EC5E581D-F591-4A34-B390-0607BA8EE6FA}.Release|Any CPU.ActiveCfg = Release|Any CPU
		{EC5E581D-F591-4A34-B390-0607BA8EE6FA}.Release|Any CPU.Build.0 = Release|Any CPU
		{A91AD3B7-CB0F-426C-A539-1CFFC13DF0EE}.Debug|Any CPU.ActiveCfg = Debug|Any CPU
		{A91AD3B7-CB0F-426C-A539-1CFFC13DF0EE}.Debug|Any CPU.Build.0 = Debug|Any CPU
		{A91AD3B7-CB0F-426C-A539-1CFFC13DF0EE}.InMemory|Any CPU.ActiveCfg = InMemory|Any CPU
		{A91AD3B7-CB0F-426C-A539-1CFFC13DF0EE}.InMemory|Any CPU.Build.0 = InMemory|Any CPU
		{A91AD3B7-CB0F-426C-A539-1CFFC13DF0EE}.Release|Any CPU.ActiveCfg = Release|Any CPU
		{A91AD3B7-CB0F-426C-A539-1CFFC13DF0EE}.Release|Any CPU.Build.0 = Release|Any CPU
		{F1EF016E-80F6-461C-AC4B-E087E42A9F0C}.Debug|Any CPU.ActiveCfg = Debug|Any CPU
		{F1EF016E-80F6-461C-AC4B-E087E42A9F0C}.Debug|Any CPU.Build.0 = Debug|Any CPU
		{F1EF016E-80F6-461C-AC4B-E087E42A9F0C}.InMemory|Any CPU.ActiveCfg = InMemory|Any CPU
		{F1EF016E-80F6-461C-AC4B-E087E42A9F0C}.InMemory|Any CPU.Build.0 = InMemory|Any CPU
		{F1EF016E-80F6-461C-AC4B-E087E42A9F0C}.Release|Any CPU.ActiveCfg = Release|Any CPU
		{F1EF016E-80F6-461C-AC4B-E087E42A9F0C}.Release|Any CPU.Build.0 = Release|Any CPU
		{2206A771-0A27-41F2-81E2-D131D95C6862}.Debug|Any CPU.ActiveCfg = Debug|Any CPU
		{2206A771-0A27-41F2-81E2-D131D95C6862}.Debug|Any CPU.Build.0 = Debug|Any CPU
		{2206A771-0A27-41F2-81E2-D131D95C6862}.InMemory|Any CPU.ActiveCfg = InMemory|Any CPU
		{2206A771-0A27-41F2-81E2-D131D95C6862}.InMemory|Any CPU.Build.0 = InMemory|Any CPU
		{2206A771-0A27-41F2-81E2-D131D95C6862}.Release|Any CPU.ActiveCfg = Release|Any CPU
		{2206A771-0A27-41F2-81E2-D131D95C6862}.Release|Any CPU.Build.0 = Release|Any CPU
	EndGlobalSection
	GlobalSection(SolutionProperties) = preSolution
		HideSolutionNode = FALSE
	EndGlobalSection
EndGlobal
