
Microsoft Visual Studio Solution File, Format Version 12.00
# Visual Studio 2012
Project("{FAE04EC0-301F-11D3-BF4B-00C04F79EFBC}") = "DiagnosisApp", "Diagnosis\DiagnosisApp.csproj", "{D7949590-A383-4E34-9C06-A2568DB5CDB6}"
EndProject
Global
	GlobalSection(SolutionConfigurationPlatforms) = preSolution
		Debug|Any CPU = Debug|Any CPU
		Release|Any CPU = Release|Any CPU
	EndGlobalSection
	GlobalSection(ProjectConfigurationPlatforms) = postSolution
		{D7949590-A383-4E34-9C06-A2568DB5CDB6}.Debug|Any CPU.ActiveCfg = Debug|Any CPU
		{D7949590-A383-4E34-9C06-A2568DB5CDB6}.Debug|Any CPU.Build.0 = Debug|Any CPU
		{D7949590-A383-4E34-9C06-A2568DB5CDB6}.Release|Any CPU.ActiveCfg = Release|Any CPU
		{D7949590-A383-4E34-9C06-A2568DB5CDB6}.Release|Any CPU.Build.0 = Release|Any CPU
	EndGlobalSection
	GlobalSection(SolutionProperties) = preSolution
		HideSolutionNode = FALSE
	EndGlobalSection
EndGlobal
